// !$*UTF8*$!
{
	archiveVersion = 1;
	classes = {
	};
	objectVersion = 46;
	objects = {

/* Begin PBXBuildFile section */
		1800688D1A3530DF0027DC99 /* Login.storyboard in Resources */ = {isa = PBXBuildFile; fileRef = 1800688B1A3530DF0027DC99 /* Login.storyboard */; };
		180068921A353C410027DC99 /* LoginViewController.swift in Sources */ = {isa = PBXBuildFile; fileRef = 180068911A353C410027DC99 /* LoginViewController.swift */; };
		183AE53C1A15686500E86FBA /* FilterViewController.swift in Sources */ = {isa = PBXBuildFile; fileRef = 183AE53B1A15686500E86FBA /* FilterViewController.swift */; };
		18467F921A36D69F0093BF19 /* worklight.plist in Resources */ = {isa = PBXBuildFile; fileRef = 18467F911A36D69F0093BF19 /* worklight.plist */; };
		18467F941A36D6EB0093BF19 /* SystemConfiguration.framework in Frameworks */ = {isa = PBXBuildFile; fileRef = 18467F931A36D6EB0093BF19 /* SystemConfiguration.framework */; };
		18467F961A36D6FB0093BF19 /* MobileCoreServices.framework in Frameworks */ = {isa = PBXBuildFile; fileRef = 18467F951A36D6FB0093BF19 /* MobileCoreServices.framework */; };
		18467F971A36D7030093BF19 /* CoreData.framework in Frameworks */ = {isa = PBXBuildFile; fileRef = 183987451A1BF7400063BEF6 /* CoreData.framework */; };
		18467F991A36D70B0093BF19 /* CoreLocation.framework in Frameworks */ = {isa = PBXBuildFile; fileRef = 18467F981A36D70B0093BF19 /* CoreLocation.framework */; };
		18467F9B1A36D7120093BF19 /* Security.framework in Frameworks */ = {isa = PBXBuildFile; fileRef = 18467F9A1A36D7120093BF19 /* Security.framework */; };
		18467F9D1A36D71A0093BF19 /* libz.dylib in Frameworks */ = {isa = PBXBuildFile; fileRef = 18467F9C1A36D71A0093BF19 /* libz.dylib */; };
		18467F9F1A36D7220093BF19 /* libc++.dylib in Frameworks */ = {isa = PBXBuildFile; fileRef = 18467F9E1A36D7220093BF19 /* libc++.dylib */; };
		18467FA11A36D72F0093BF19 /* libstdc++.6.dylib in Frameworks */ = {isa = PBXBuildFile; fileRef = 18467FA01A36D72F0093BF19 /* libstdc++.6.dylib */; };
		184680001A36DA7A0093BF19 /* sqlcipher.framework in Frameworks */ = {isa = PBXBuildFile; fileRef = 18467FA41A36DA7A0093BF19 /* sqlcipher.framework */; };
		184680011A36DA7A0093BF19 /* libWorklightStaticLibProjectNative.a in Frameworks */ = {isa = PBXBuildFile; fileRef = 18467FF81A36DA7A0093BF19 /* libWorklightStaticLibProjectNative.a */; };
		184680021A36DA7A0093BF19 /* Localizations.bundle in Resources */ = {isa = PBXBuildFile; fileRef = 18467FF91A36DA7A0093BF19 /* Localizations.bundle */; };
		184680031A36DA7A0093BF19 /* Cookies.mom in Resources */ = {isa = PBXBuildFile; fileRef = 18467FFB1A36DA7A0093BF19 /* Cookies.mom */; };
		184680041A36DA7A0093BF19 /* PleaseWaitViewController~iPad.xib in Resources */ = {isa = PBXBuildFile; fileRef = 18467FFC1A36DA7A0093BF19 /* PleaseWaitViewController~iPad.xib */; };
		184680051A36DA7A0093BF19 /* PleaseWaitViewController~iPhone.xib in Resources */ = {isa = PBXBuildFile; fileRef = 18467FFD1A36DA7A0093BF19 /* PleaseWaitViewController~iPhone.xib */; };
		184680061A36DA7A0093BF19 /* SplashImageViewController-Landscape.xib in Resources */ = {isa = PBXBuildFile; fileRef = 18467FFE1A36DA7A0093BF19 /* SplashImageViewController-Landscape.xib */; };
		184680071A36DA7A0093BF19 /* SplashImageViewController-Portrait.xib in Resources */ = {isa = PBXBuildFile; fileRef = 18467FFF1A36DA7A0093BF19 /* SplashImageViewController-Portrait.xib */; };
		184839A319E5FAE100527B74 /* AppDelegate.swift in Sources */ = {isa = PBXBuildFile; fileRef = 184839A219E5FAE100527B74 /* AppDelegate.swift */; };
		184839A519E5FAE100527B74 /* MasterViewController.swift in Sources */ = {isa = PBXBuildFile; fileRef = 184839A419E5FAE100527B74 /* MasterViewController.swift */; };
		184839A719E5FAE100527B74 /* DetailViewController.swift in Sources */ = {isa = PBXBuildFile; fileRef = 184839A619E5FAE100527B74 /* DetailViewController.swift */; };
		184839AC19E5FAE100527B74 /* Images.xcassets in Resources */ = {isa = PBXBuildFile; fileRef = 184839AB19E5FAE100527B74 /* Images.xcassets */; };
		184839AF19E5FAE100527B74 /* LaunchScreen.xib in Resources */ = {isa = PBXBuildFile; fileRef = 184839AD19E5FAE100527B74 /* LaunchScreen.xib */; };
		184839C819E7877900527B74 /* EmployeeListProvider.swift in Sources */ = {isa = PBXBuildFile; fileRef = 184839C719E7877900527B74 /* EmployeeListProvider.swift */; };
		184839CB19EC91BE00527B74 /* EmployeeURLDelegate.swift in Sources */ = {isa = PBXBuildFile; fileRef = 184839CA19EC91BE00527B74 /* EmployeeURLDelegate.swift */; };
		184839CD19ECDD6700527B74 /* CSV.swift in Sources */ = {isa = PBXBuildFile; fileRef = 184839CC19ECDD6700527B74 /* CSV.swift */; };
		1879BDEA1A1DA1E3002D7E31 /* libsqlite3.dylib in Frameworks */ = {isa = PBXBuildFile; fileRef = 1879BDE91A1DA1E3002D7E31 /* libsqlite3.dylib */; };
		1879BE051A22FA20002D7E31 /* GBS Bench Report.csv in Resources */ = {isa = PBXBuildFile; fileRef = 1879BE041A22FA20002D7E31 /* GBS Bench Report.csv */; };
		1879BE281A242228002D7E31 /* FMDatabase.m in Sources */ = {isa = PBXBuildFile; fileRef = 1879BE1E1A242228002D7E31 /* FMDatabase.m */; };
		1879BE291A242228002D7E31 /* FMDatabaseAdditions.m in Sources */ = {isa = PBXBuildFile; fileRef = 1879BE201A242228002D7E31 /* FMDatabaseAdditions.m */; };
		1879BE2A1A242228002D7E31 /* FMDatabasePool.m in Sources */ = {isa = PBXBuildFile; fileRef = 1879BE221A242228002D7E31 /* FMDatabasePool.m */; };
		1879BE2B1A242228002D7E31 /* FMDatabaseQueue.m in Sources */ = {isa = PBXBuildFile; fileRef = 1879BE241A242228002D7E31 /* FMDatabaseQueue.m */; };
		1879BE2C1A242228002D7E31 /* FMResultSet.m in Sources */ = {isa = PBXBuildFile; fileRef = 1879BE271A242228002D7E31 /* FMResultSet.m */; };
		18A64D031A70724E00A3CD29 /* iPhone.storyboard in Resources */ = {isa = PBXBuildFile; fileRef = 18A5E7ED1A2C7050007AF840 /* iPhone.storyboard */; };
		18A64D041A70725700A3CD29 /* iPad.storyboard in Resources */ = {isa = PBXBuildFile; fileRef = 184839A819E5FAE100527B74 /* iPad.storyboard */; };
		18D9ACB71A1C9A0F0098D3EC /* ListViewController.swift in Sources */ = {isa = PBXBuildFile; fileRef = 18D9ACB61A1C9A0F0098D3EC /* ListViewController.swift */; };
/* End PBXBuildFile section */

/* Begin PBXCopyFilesBuildPhase section */
		1879BE191A23E0EC002D7E31 /* CopyFiles */ = {
			isa = PBXCopyFilesBuildPhase;
			buildActionMask = 2147483647;
			dstPath = "";
			dstSubfolderSpec = 10;
			files = (
			);
			runOnlyForDeploymentPostprocessing = 0;
		};
/* End PBXCopyFilesBuildPhase section */

/* Begin PBXFileReference section */
		1800688C1A3530DF0027DC99 /* Base */ = {isa = PBXFileReference; lastKnownFileType = file.storyboard; name = Base; path = Base.lproj/Login.storyboard; sourceTree = "<group>"; };
		180068911A353C410027DC99 /* LoginViewController.swift */ = {isa = PBXFileReference; fileEncoding = 4; lastKnownFileType = sourcecode.swift; path = LoginViewController.swift; sourceTree = "<group>"; };
		183987451A1BF7400063BEF6 /* CoreData.framework */ = {isa = PBXFileReference; lastKnownFileType = wrapper.framework; name = CoreData.framework; path = System/Library/Frameworks/CoreData.framework; sourceTree = SDKROOT; };
		183AE53B1A15686500E86FBA /* FilterViewController.swift */ = {isa = PBXFileReference; fileEncoding = 4; lastKnownFileType = sourcecode.swift; path = FilterViewController.swift; sourceTree = "<group>"; };
		18467F911A36D69F0093BF19 /* worklight.plist */ = {isa = PBXFileReference; fileEncoding = 4; lastKnownFileType = text.plist.xml; path = worklight.plist; sourceTree = "<group>"; };
		18467F931A36D6EB0093BF19 /* SystemConfiguration.framework */ = {isa = PBXFileReference; lastKnownFileType = wrapper.framework; name = SystemConfiguration.framework; path = System/Library/Frameworks/SystemConfiguration.framework; sourceTree = SDKROOT; };
		18467F951A36D6FB0093BF19 /* MobileCoreServices.framework */ = {isa = PBXFileReference; lastKnownFileType = wrapper.framework; name = MobileCoreServices.framework; path = System/Library/Frameworks/MobileCoreServices.framework; sourceTree = SDKROOT; };
		18467F981A36D70B0093BF19 /* CoreLocation.framework */ = {isa = PBXFileReference; lastKnownFileType = wrapper.framework; name = CoreLocation.framework; path = System/Library/Frameworks/CoreLocation.framework; sourceTree = SDKROOT; };
		18467F9A1A36D7120093BF19 /* Security.framework */ = {isa = PBXFileReference; lastKnownFileType = wrapper.framework; name = Security.framework; path = System/Library/Frameworks/Security.framework; sourceTree = SDKROOT; };
		18467F9C1A36D71A0093BF19 /* libz.dylib */ = {isa = PBXFileReference; lastKnownFileType = "compiled.mach-o.dylib"; name = libz.dylib; path = usr/lib/libz.dylib; sourceTree = SDKROOT; };
		18467F9E1A36D7220093BF19 /* libc++.dylib */ = {isa = PBXFileReference; lastKnownFileType = "compiled.mach-o.dylib"; name = "libc++.dylib"; path = "usr/lib/libc++.dylib"; sourceTree = SDKROOT; };
		18467FA01A36D72F0093BF19 /* libstdc++.6.dylib */ = {isa = PBXFileReference; lastKnownFileType = "compiled.mach-o.dylib"; name = "libstdc++.6.dylib"; path = "usr/lib/libstdc++.6.dylib"; sourceTree = SDKROOT; };
		18467FA41A36DA7A0093BF19 /* sqlcipher.framework */ = {isa = PBXFileReference; lastKnownFileType = wrapper.framework; path = sqlcipher.framework; sourceTree = "<group>"; };
		18467FA61A36DA7A0093BF19 /* AbstractAcquisitionError.h */ = {isa = PBXFileReference; fileEncoding = 4; lastKnownFileType = sourcecode.c.h; path = AbstractAcquisitionError.h; sourceTree = "<group>"; };
		18467FA71A36DA7A0093BF19 /* AbstractGeoAreaTrigger.h */ = {isa = PBXFileReference; fileEncoding = 4; lastKnownFileType = sourcecode.c.h; path = AbstractGeoAreaTrigger.h; sourceTree = "<group>"; };
		18467FA81A36DA7A0093BF19 /* AbstractGeoDwellTrigger.h */ = {isa = PBXFileReference; fileEncoding = 4; lastKnownFileType = sourcecode.c.h; path = AbstractGeoDwellTrigger.h; sourceTree = "<group>"; };
		18467FA91A36DA7A0093BF19 /* AbstractPosition.h */ = {isa = PBXFileReference; fileEncoding = 4; lastKnownFileType = sourcecode.c.h; path = AbstractPosition.h; sourceTree = "<group>"; };
		18467FAA1A36DA7A0093BF19 /* AbstractTrigger.h */ = {isa = PBXFileReference; fileEncoding = 4; lastKnownFileType = sourcecode.c.h; path = AbstractTrigger.h; sourceTree = "<group>"; };
		18467FAB1A36DA7A0093BF19 /* AbstractWifiAreaTrigger.h */ = {isa = PBXFileReference; fileEncoding = 4; lastKnownFileType = sourcecode.c.h; path = AbstractWifiAreaTrigger.h; sourceTree = "<group>"; };
		18467FAC1A36DA7A0093BF19 /* AbstractWifiDwellTrigger.h */ = {isa = PBXFileReference; fileEncoding = 4; lastKnownFileType = sourcecode.c.h; path = AbstractWifiDwellTrigger.h; sourceTree = "<group>"; };
		18467FAD1A36DA7A0093BF19 /* AbstractWifiFilterTrigger.h */ = {isa = PBXFileReference; fileEncoding = 4; lastKnownFileType = sourcecode.c.h; path = AbstractWifiFilterTrigger.h; sourceTree = "<group>"; };
		18467FAE1A36DA7A0093BF19 /* AcquisitionCallback.h */ = {isa = PBXFileReference; fileEncoding = 4; lastKnownFileType = sourcecode.c.h; path = AcquisitionCallback.h; sourceTree = "<group>"; };
		18467FAF1A36DA7A0093BF19 /* AcquisitionFailureCallback.h */ = {isa = PBXFileReference; fileEncoding = 4; lastKnownFileType = sourcecode.c.h; path = AcquisitionFailureCallback.h; sourceTree = "<group>"; };
		18467FB01A36DA7A0093BF19 /* BaseChallengeHandler.h */ = {isa = PBXFileReference; fileEncoding = 4; lastKnownFileType = sourcecode.c.h; path = BaseChallengeHandler.h; sourceTree = "<group>"; };
		18467FB11A36DA7A0093BF19 /* BaseDeviceAuthChallengeHandler.h */ = {isa = PBXFileReference; fileEncoding = 4; lastKnownFileType = sourcecode.c.h; path = BaseDeviceAuthChallengeHandler.h; sourceTree = "<group>"; };
		18467FB21A36DA7A0093BF19 /* BaseProvisioningChallengeHandler.h */ = {isa = PBXFileReference; fileEncoding = 4; lastKnownFileType = sourcecode.c.h; path = BaseProvisioningChallengeHandler.h; sourceTree = "<group>"; };
		18467FB31A36DA7A0093BF19 /* ChallengeHandler.h */ = {isa = PBXFileReference; fileEncoding = 4; lastKnownFileType = sourcecode.c.h; path = ChallengeHandler.h; sourceTree = "<group>"; };
		18467FB41A36DA7A0093BF19 /* JSONStore.h */ = {isa = PBXFileReference; fileEncoding = 4; lastKnownFileType = sourcecode.c.h; path = JSONStore.h; sourceTree = "<group>"; };
		18467FB51A36DA7A0093BF19 /* JSONStoreAddOptions.h */ = {isa = PBXFileReference; fileEncoding = 4; lastKnownFileType = sourcecode.c.h; path = JSONStoreAddOptions.h; sourceTree = "<group>"; };
		18467FB61A36DA7A0093BF19 /* JSONStoreCollection.h */ = {isa = PBXFileReference; fileEncoding = 4; lastKnownFileType = sourcecode.c.h; path = JSONStoreCollection.h; sourceTree = "<group>"; };
		18467FB71A36DA7A0093BF19 /* JSONStoreOpenOptions.h */ = {isa = PBXFileReference; fileEncoding = 4; lastKnownFileType = sourcecode.c.h; path = JSONStoreOpenOptions.h; sourceTree = "<group>"; };
		18467FB81A36DA7A0093BF19 /* JSONStoreQueryOptions.h */ = {isa = PBXFileReference; fileEncoding = 4; lastKnownFileType = sourcecode.c.h; path = JSONStoreQueryOptions.h; sourceTree = "<group>"; };
		18467FB91A36DA7A0093BF19 /* JSONStoreQueryPart.h */ = {isa = PBXFileReference; fileEncoding = 4; lastKnownFileType = sourcecode.c.h; path = JSONStoreQueryPart.h; sourceTree = "<group>"; };
		18467FBA1A36DA7A0093BF19 /* OCLogger.h */ = {isa = PBXFileReference; fileEncoding = 4; lastKnownFileType = sourcecode.c.h; path = OCLogger.h; sourceTree = "<group>"; };
		18467FBB1A36DA7A0093BF19 /* WLAcquisitionFailureCallbacksConfiguration.h */ = {isa = PBXFileReference; fileEncoding = 4; lastKnownFileType = sourcecode.c.h; path = WLAcquisitionFailureCallbacksConfiguration.h; sourceTree = "<group>"; };
		18467FBC1A36DA7A0093BF19 /* WLAcquisitionPolicy.h */ = {isa = PBXFileReference; fileEncoding = 4; lastKnownFileType = sourcecode.c.h; path = WLAcquisitionPolicy.h; sourceTree = "<group>"; };
		18467FBD1A36DA7A0093BF19 /* WLAnalytics.h */ = {isa = PBXFileReference; fileEncoding = 4; lastKnownFileType = sourcecode.c.h; path = WLAnalytics.h; sourceTree = "<group>"; };
		18467FBE1A36DA7A0093BF19 /* WLArea.h */ = {isa = PBXFileReference; fileEncoding = 4; lastKnownFileType = sourcecode.c.h; path = WLArea.h; sourceTree = "<group>"; };
		18467FBF1A36DA7A0093BF19 /* WLCallbackFactory.h */ = {isa = PBXFileReference; fileEncoding = 4; lastKnownFileType = sourcecode.c.h; path = WLCallbackFactory.h; sourceTree = "<group>"; };
		18467FC01A36DA7A0093BF19 /* WLChallengeHandler.h */ = {isa = PBXFileReference; fileEncoding = 4; lastKnownFileType = sourcecode.c.h; path = WLChallengeHandler.h; sourceTree = "<group>"; };
		18467FC11A36DA7A0093BF19 /* WLCircle.h */ = {isa = PBXFileReference; fileEncoding = 4; lastKnownFileType = sourcecode.c.h; path = WLCircle.h; sourceTree = "<group>"; };
		18467FC21A36DA7A0093BF19 /* WLClient.h */ = {isa = PBXFileReference; fileEncoding = 4; lastKnownFileType = sourcecode.c.h; path = WLClient.h; sourceTree = "<group>"; };
		18467FC31A36DA7A0093BF19 /* WLConfidenceLevel.h */ = {isa = PBXFileReference; fileEncoding = 4; lastKnownFileType = sourcecode.c.h; path = WLConfidenceLevel.h; sourceTree = "<group>"; };
		18467FC41A36DA7A0093BF19 /* WLCookieExtractor.h */ = {isa = PBXFileReference; fileEncoding = 4; lastKnownFileType = sourcecode.c.h; path = WLCookieExtractor.h; sourceTree = "<group>"; };
		18467FC51A36DA7A0093BF19 /* WLCoordinate.h */ = {isa = PBXFileReference; fileEncoding = 4; lastKnownFileType = sourcecode.c.h; path = WLCoordinate.h; sourceTree = "<group>"; };
		18467FC61A36DA7A0093BF19 /* WLDelegate.h */ = {isa = PBXFileReference; fileEncoding = 4; lastKnownFileType = sourcecode.c.h; path = WLDelegate.h; sourceTree = "<group>"; };
		18467FC71A36DA7A0093BF19 /* WLDevice.h */ = {isa = PBXFileReference; fileEncoding = 4; lastKnownFileType = sourcecode.c.h; path = WLDevice.h; sourceTree = "<group>"; };
		18467FC81A36DA7A0093BF19 /* WLDeviceAuthManager.h */ = {isa = PBXFileReference; fileEncoding = 4; lastKnownFileType = sourcecode.c.h; path = WLDeviceAuthManager.h; sourceTree = "<group>"; };
		18467FC91A36DA7A0093BF19 /* WLDeviceContext.h */ = {isa = PBXFileReference; fileEncoding = 4; lastKnownFileType = sourcecode.c.h; path = WLDeviceContext.h; sourceTree = "<group>"; };
		18467FCA1A36DA7A0093BF19 /* WLEventSourceListener.h */ = {isa = PBXFileReference; fileEncoding = 4; lastKnownFileType = sourcecode.c.h; path = WLEventSourceListener.h; sourceTree = "<group>"; };
		18467FCB1A36DA7A0093BF19 /* WLEventTransmissionPolicy.h */ = {isa = PBXFileReference; fileEncoding = 4; lastKnownFileType = sourcecode.c.h; path = WLEventTransmissionPolicy.h; sourceTree = "<group>"; };
		18467FCC1A36DA7A0093BF19 /* WLFailResponse.h */ = {isa = PBXFileReference; fileEncoding = 4; lastKnownFileType = sourcecode.c.h; path = WLFailResponse.h; sourceTree = "<group>"; };
		18467FCD1A36DA7A0093BF19 /* WLGeoAcquisitionPolicy.h */ = {isa = PBXFileReference; fileEncoding = 4; lastKnownFileType = sourcecode.c.h; path = WLGeoAcquisitionPolicy.h; sourceTree = "<group>"; };
		18467FCE1A36DA7A0093BF19 /* WLGeoCallback.h */ = {isa = PBXFileReference; fileEncoding = 4; lastKnownFileType = sourcecode.c.h; path = WLGeoCallback.h; sourceTree = "<group>"; };
		18467FCF1A36DA7A0093BF19 /* WLGeoDwellInsideTrigger.h */ = {isa = PBXFileReference; fileEncoding = 4; lastKnownFileType = sourcecode.c.h; path = WLGeoDwellInsideTrigger.h; sourceTree = "<group>"; };
		18467FD01A36DA7A0093BF19 /* WLGeoDwellOutsideTrigger.h */ = {isa = PBXFileReference; fileEncoding = 4; lastKnownFileType = sourcecode.c.h; path = WLGeoDwellOutsideTrigger.h; sourceTree = "<group>"; };
		18467FD11A36DA7A0093BF19 /* WLGeoEnterTrigger.h */ = {isa = PBXFileReference; fileEncoding = 4; lastKnownFileType = sourcecode.c.h; path = WLGeoEnterTrigger.h; sourceTree = "<group>"; };
		18467FD21A36DA7A0093BF19 /* WLGeoError.h */ = {isa = PBXFileReference; fileEncoding = 4; lastKnownFileType = sourcecode.c.h; path = WLGeoError.h; sourceTree = "<group>"; };
		18467FD31A36DA7A0093BF19 /* WLGeoExitTrigger.h */ = {isa = PBXFileReference; fileEncoding = 4; lastKnownFileType = sourcecode.c.h; path = WLGeoExitTrigger.h; sourceTree = "<group>"; };
		18467FD41A36DA7A0093BF19 /* WLGeoFailureCallback.h */ = {isa = PBXFileReference; fileEncoding = 4; lastKnownFileType = sourcecode.c.h; path = WLGeoFailureCallback.h; sourceTree = "<group>"; };
		18467FD51A36DA7A0093BF19 /* WLGeoPosition.h */ = {isa = PBXFileReference; fileEncoding = 4; lastKnownFileType = sourcecode.c.h; path = WLGeoPosition.h; sourceTree = "<group>"; };
		18467FD61A36DA7A0093BF19 /* WLGeoPositionChangeTrigger.h */ = {isa = PBXFileReference; fileEncoding = 4; lastKnownFileType = sourcecode.c.h; path = WLGeoPositionChangeTrigger.h; sourceTree = "<group>"; };
		18467FD71A36DA7A0093BF19 /* WLGeoTrigger.h */ = {isa = PBXFileReference; fileEncoding = 4; lastKnownFileType = sourcecode.c.h; path = WLGeoTrigger.h; sourceTree = "<group>"; };
		18467FD81A36DA7A0093BF19 /* WLGeoUtils.h */ = {isa = PBXFileReference; fileEncoding = 4; lastKnownFileType = sourcecode.c.h; path = WLGeoUtils.h; sourceTree = "<group>"; };
		18467FD91A36DA7A0093BF19 /* WLLocationServicesConfiguration.h */ = {isa = PBXFileReference; fileEncoding = 4; lastKnownFileType = sourcecode.c.h; path = WLLocationServicesConfiguration.h; sourceTree = "<group>"; };
		18467FDA1A36DA7A0093BF19 /* WLOnReadyToSubscribeListener.h */ = {isa = PBXFileReference; fileEncoding = 4; lastKnownFileType = sourcecode.c.h; path = WLOnReadyToSubscribeListener.h; sourceTree = "<group>"; };
		18467FDB1A36DA7A0093BF19 /* WLPolygon.h */ = {isa = PBXFileReference; fileEncoding = 4; lastKnownFileType = sourcecode.c.h; path = WLPolygon.h; sourceTree = "<group>"; };
		18467FDC1A36DA7A0093BF19 /* WLProcedureInvocationData.h */ = {isa = PBXFileReference; fileEncoding = 4; lastKnownFileType = sourcecode.c.h; path = WLProcedureInvocationData.h; sourceTree = "<group>"; };
		18467FDD1A36DA7A0093BF19 /* WLProcedureInvocationResult.h */ = {isa = PBXFileReference; fileEncoding = 4; lastKnownFileType = sourcecode.c.h; path = WLProcedureInvocationResult.h; sourceTree = "<group>"; };
		18467FDE1A36DA7A0093BF19 /* WLPush.h */ = {isa = PBXFileReference; fileEncoding = 4; lastKnownFileType = sourcecode.c.h; path = WLPush.h; sourceTree = "<group>"; };
		18467FDF1A36DA7A0093BF19 /* WLPushOptions.h */ = {isa = PBXFileReference; fileEncoding = 4; lastKnownFileType = sourcecode.c.h; path = WLPushOptions.h; sourceTree = "<group>"; };
		18467FE01A36DA7A0093BF19 /* WLResponse.h */ = {isa = PBXFileReference; fileEncoding = 4; lastKnownFileType = sourcecode.c.h; path = WLResponse.h; sourceTree = "<group>"; };
		18467FE11A36DA7A0093BF19 /* WLResponseListener.h */ = {isa = PBXFileReference; fileEncoding = 4; lastKnownFileType = sourcecode.c.h; path = WLResponseListener.h; sourceTree = "<group>"; };
		18467FE21A36DA7A0093BF19 /* WLSecurityUtils.h */ = {isa = PBXFileReference; fileEncoding = 4; lastKnownFileType = sourcecode.c.h; path = WLSecurityUtils.h; sourceTree = "<group>"; };
		18467FE31A36DA7A0093BF19 /* WLSimpleDataSharing.h */ = {isa = PBXFileReference; fileEncoding = 4; lastKnownFileType = sourcecode.c.h; path = WLSimpleDataSharing.h; sourceTree = "<group>"; };
		18467FE41A36DA7A0093BF19 /* WLSwiftBridgingHeader.h */ = {isa = PBXFileReference; fileEncoding = 4; lastKnownFileType = sourcecode.c.h; path = WLSwiftBridgingHeader.h; sourceTree = "<group>"; };
		18467FE51A36DA7A0093BF19 /* WLTriggerCallback.h */ = {isa = PBXFileReference; fileEncoding = 4; lastKnownFileType = sourcecode.c.h; path = WLTriggerCallback.h; sourceTree = "<group>"; };
		18467FE61A36DA7A0093BF19 /* WLTriggersConfiguration.h */ = {isa = PBXFileReference; fileEncoding = 4; lastKnownFileType = sourcecode.c.h; path = WLTriggersConfiguration.h; sourceTree = "<group>"; };
		18467FE71A36DA7A0093BF19 /* WLTrusteer.h */ = {isa = PBXFileReference; fileEncoding = 4; lastKnownFileType = sourcecode.c.h; path = WLTrusteer.h; sourceTree = "<group>"; };
		18467FE81A36DA7A0093BF19 /* WLWifiAccessPoint.h */ = {isa = PBXFileReference; fileEncoding = 4; lastKnownFileType = sourcecode.c.h; path = WLWifiAccessPoint.h; sourceTree = "<group>"; };
		18467FE91A36DA7A0093BF19 /* WLWifiAccessPointFilter.h */ = {isa = PBXFileReference; fileEncoding = 4; lastKnownFileType = sourcecode.c.h; path = WLWifiAccessPointFilter.h; sourceTree = "<group>"; };
		18467FEA1A36DA7A0093BF19 /* WLWifiAcquisitionCallback.h */ = {isa = PBXFileReference; fileEncoding = 4; lastKnownFileType = sourcecode.c.h; path = WLWifiAcquisitionCallback.h; sourceTree = "<group>"; };
		18467FEB1A36DA7A0093BF19 /* WLWifiAcquisitionPolicy.h */ = {isa = PBXFileReference; fileEncoding = 4; lastKnownFileType = sourcecode.c.h; path = WLWifiAcquisitionPolicy.h; sourceTree = "<group>"; };
		18467FEC1A36DA7A0093BF19 /* WLWifiConnectedCallback.h */ = {isa = PBXFileReference; fileEncoding = 4; lastKnownFileType = sourcecode.c.h; path = WLWifiConnectedCallback.h; sourceTree = "<group>"; };
		18467FED1A36DA7A0093BF19 /* WLWifiConnectTrigger.h */ = {isa = PBXFileReference; fileEncoding = 4; lastKnownFileType = sourcecode.c.h; path = WLWifiConnectTrigger.h; sourceTree = "<group>"; };
		18467FEE1A36DA7A0093BF19 /* WLWifiDisconnectTrigger.h */ = {isa = PBXFileReference; fileEncoding = 4; lastKnownFileType = sourcecode.c.h; path = WLWifiDisconnectTrigger.h; sourceTree = "<group>"; };
		18467FEF1A36DA7A0093BF19 /* WLWifiDwellInsideTrigger.h */ = {isa = PBXFileReference; fileEncoding = 4; lastKnownFileType = sourcecode.c.h; path = WLWifiDwellInsideTrigger.h; sourceTree = "<group>"; };
		18467FF01A36DA7A0093BF19 /* WLWifiDwellOutsideTrigger.h */ = {isa = PBXFileReference; fileEncoding = 4; lastKnownFileType = sourcecode.c.h; path = WLWifiDwellOutsideTrigger.h; sourceTree = "<group>"; };
		18467FF11A36DA7A0093BF19 /* WLWifiEnterTrigger.h */ = {isa = PBXFileReference; fileEncoding = 4; lastKnownFileType = sourcecode.c.h; path = WLWifiEnterTrigger.h; sourceTree = "<group>"; };
		18467FF21A36DA7A0093BF19 /* WLWifiError.h */ = {isa = PBXFileReference; fileEncoding = 4; lastKnownFileType = sourcecode.c.h; path = WLWifiError.h; sourceTree = "<group>"; };
		18467FF31A36DA7A0093BF19 /* WLWifiExitTrigger.h */ = {isa = PBXFileReference; fileEncoding = 4; lastKnownFileType = sourcecode.c.h; path = WLWifiExitTrigger.h; sourceTree = "<group>"; };
		18467FF41A36DA7A0093BF19 /* WLWifiFailureCallback.h */ = {isa = PBXFileReference; fileEncoding = 4; lastKnownFileType = sourcecode.c.h; path = WLWifiFailureCallback.h; sourceTree = "<group>"; };
		18467FF51A36DA7A0093BF19 /* WLWifiLocation.h */ = {isa = PBXFileReference; fileEncoding = 4; lastKnownFileType = sourcecode.c.h; path = WLWifiLocation.h; sourceTree = "<group>"; };
		18467FF61A36DA7A0093BF19 /* WLWifiTrigger.h */ = {isa = PBXFileReference; fileEncoding = 4; lastKnownFileType = sourcecode.c.h; path = WLWifiTrigger.h; sourceTree = "<group>"; };
		18467FF71A36DA7A0093BF19 /* WLWifiVisibleAccessPointsChangeTrigger.h */ = {isa = PBXFileReference; fileEncoding = 4; lastKnownFileType = sourcecode.c.h; path = WLWifiVisibleAccessPointsChangeTrigger.h; sourceTree = "<group>"; };
		18467FF81A36DA7A0093BF19 /* libWorklightStaticLibProjectNative.a */ = {isa = PBXFileReference; lastKnownFileType = archive.ar; path = libWorklightStaticLibProjectNative.a; sourceTree = "<group>"; };
		18467FF91A36DA7A0093BF19 /* Localizations.bundle */ = {isa = PBXFileReference; lastKnownFileType = "wrapper.plug-in"; path = Localizations.bundle; sourceTree = "<group>"; };
		18467FFB1A36DA7A0093BF19 /* Cookies.mom */ = {isa = PBXFileReference; lastKnownFileType = file.bplist; path = Cookies.mom; sourceTree = "<group>"; };
		18467FFC1A36DA7A0093BF19 /* PleaseWaitViewController~iPad.xib */ = {isa = PBXFileReference; fileEncoding = 4; lastKnownFileType = file.xib; path = "PleaseWaitViewController~iPad.xib"; sourceTree = "<group>"; };
		18467FFD1A36DA7A0093BF19 /* PleaseWaitViewController~iPhone.xib */ = {isa = PBXFileReference; fileEncoding = 4; lastKnownFileType = file.xib; path = "PleaseWaitViewController~iPhone.xib"; sourceTree = "<group>"; };
		18467FFE1A36DA7A0093BF19 /* SplashImageViewController-Landscape.xib */ = {isa = PBXFileReference; fileEncoding = 4; lastKnownFileType = file.xib; path = "SplashImageViewController-Landscape.xib"; sourceTree = "<group>"; };
		18467FFF1A36DA7A0093BF19 /* SplashImageViewController-Portrait.xib */ = {isa = PBXFileReference; fileEncoding = 4; lastKnownFileType = file.xib; path = "SplashImageViewController-Portrait.xib"; sourceTree = "<group>"; };
		1848399D19E5FAE100527B74 /* WFM.app */ = {isa = PBXFileReference; explicitFileType = wrapper.application; includeInIndex = 0; path = WFM.app; sourceTree = BUILT_PRODUCTS_DIR; };
		184839A119E5FAE100527B74 /* Info.plist */ = {isa = PBXFileReference; lastKnownFileType = text.plist.xml; path = Info.plist; sourceTree = "<group>"; };
		184839A219E5FAE100527B74 /* AppDelegate.swift */ = {isa = PBXFileReference; lastKnownFileType = sourcecode.swift; path = AppDelegate.swift; sourceTree = "<group>"; };
		184839A419E5FAE100527B74 /* MasterViewController.swift */ = {isa = PBXFileReference; lastKnownFileType = sourcecode.swift; path = MasterViewController.swift; sourceTree = "<group>"; };
		184839A619E5FAE100527B74 /* DetailViewController.swift */ = {isa = PBXFileReference; lastKnownFileType = sourcecode.swift; path = DetailViewController.swift; sourceTree = "<group>"; };
		184839A919E5FAE100527B74 /* Base */ = {isa = PBXFileReference; lastKnownFileType = file.storyboard; name = Base; path = Base.lproj/iPad.storyboard; sourceTree = "<group>"; };
		184839AB19E5FAE100527B74 /* Images.xcassets */ = {isa = PBXFileReference; lastKnownFileType = folder.assetcatalog; path = Images.xcassets; sourceTree = "<group>"; };
		184839AE19E5FAE100527B74 /* Base */ = {isa = PBXFileReference; lastKnownFileType = file.xib; name = Base; path = Base.lproj/LaunchScreen.xib; sourceTree = "<group>"; };
		184839B919E5FAE200527B74 /* Info.plist */ = {isa = PBXFileReference; lastKnownFileType = text.plist.xml; path = Info.plist; sourceTree = "<group>"; };
		184839BA19E5FAE200527B74 /* WorkforceManagementTests.swift */ = {isa = PBXFileReference; lastKnownFileType = sourcecode.swift; path = WorkforceManagementTests.swift; sourceTree = "<group>"; };
		184839C719E7877900527B74 /* EmployeeListProvider.swift */ = {isa = PBXFileReference; fileEncoding = 4; lastKnownFileType = sourcecode.swift; path = EmployeeListProvider.swift; sourceTree = "<group>"; };
		184839CA19EC91BE00527B74 /* EmployeeURLDelegate.swift */ = {isa = PBXFileReference; fileEncoding = 4; lastKnownFileType = sourcecode.swift; path = EmployeeURLDelegate.swift; sourceTree = "<group>"; };
		184839CC19ECDD6700527B74 /* CSV.swift */ = {isa = PBXFileReference; fileEncoding = 4; lastKnownFileType = sourcecode.swift; path = CSV.swift; sourceTree = "<group>"; };
		1879BDE91A1DA1E3002D7E31 /* libsqlite3.dylib */ = {isa = PBXFileReference; lastKnownFileType = "compiled.mach-o.dylib"; name = libsqlite3.dylib; path = usr/lib/libsqlite3.dylib; sourceTree = SDKROOT; };
		1879BE041A22FA20002D7E31 /* GBS Bench Report.csv */ = {isa = PBXFileReference; fileEncoding = 4; lastKnownFileType = text; name = "GBS Bench Report.csv"; path = "../GBS Bench Report.csv"; sourceTree = "<group>"; };
		1879BE1B1A23EF15002D7E31 /* Bridging-Header.h */ = {isa = PBXFileReference; lastKnownFileType = sourcecode.c.h; path = "Bridging-Header.h"; sourceTree = "<group>"; };
		1879BE1D1A242228002D7E31 /* FMDatabase.h */ = {isa = PBXFileReference; fileEncoding = 4; lastKnownFileType = sourcecode.c.h; path = FMDatabase.h; sourceTree = "<group>"; };
		1879BE1E1A242228002D7E31 /* FMDatabase.m */ = {isa = PBXFileReference; fileEncoding = 4; lastKnownFileType = sourcecode.c.objc; path = FMDatabase.m; sourceTree = "<group>"; };
		1879BE1F1A242228002D7E31 /* FMDatabaseAdditions.h */ = {isa = PBXFileReference; fileEncoding = 4; lastKnownFileType = sourcecode.c.h; path = FMDatabaseAdditions.h; sourceTree = "<group>"; };
		1879BE201A242228002D7E31 /* FMDatabaseAdditions.m */ = {isa = PBXFileReference; fileEncoding = 4; lastKnownFileType = sourcecode.c.objc; path = FMDatabaseAdditions.m; sourceTree = "<group>"; };
		1879BE211A242228002D7E31 /* FMDatabasePool.h */ = {isa = PBXFileReference; fileEncoding = 4; lastKnownFileType = sourcecode.c.h; path = FMDatabasePool.h; sourceTree = "<group>"; };
		1879BE221A242228002D7E31 /* FMDatabasePool.m */ = {isa = PBXFileReference; fileEncoding = 4; lastKnownFileType = sourcecode.c.objc; path = FMDatabasePool.m; sourceTree = "<group>"; };
		1879BE231A242228002D7E31 /* FMDatabaseQueue.h */ = {isa = PBXFileReference; fileEncoding = 4; lastKnownFileType = sourcecode.c.h; path = FMDatabaseQueue.h; sourceTree = "<group>"; };
		1879BE241A242228002D7E31 /* FMDatabaseQueue.m */ = {isa = PBXFileReference; fileEncoding = 4; lastKnownFileType = sourcecode.c.objc; path = FMDatabaseQueue.m; sourceTree = "<group>"; };
		1879BE251A242228002D7E31 /* FMDB.h */ = {isa = PBXFileReference; fileEncoding = 4; lastKnownFileType = sourcecode.c.h; path = FMDB.h; sourceTree = "<group>"; };
		1879BE261A242228002D7E31 /* FMResultSet.h */ = {isa = PBXFileReference; fileEncoding = 4; lastKnownFileType = sourcecode.c.h; path = FMResultSet.h; sourceTree = "<group>"; };
		1879BE271A242228002D7E31 /* FMResultSet.m */ = {isa = PBXFileReference; fileEncoding = 4; lastKnownFileType = sourcecode.c.objc; path = FMResultSet.m; sourceTree = "<group>"; };
		18A5E7EE1A2C7050007AF840 /* Base */ = {isa = PBXFileReference; lastKnownFileType = file.storyboard; name = Base; path = Base.lproj/iPhone.storyboard; sourceTree = "<group>"; };
		18D9ACB61A1C9A0F0098D3EC /* ListViewController.swift */ = {isa = PBXFileReference; fileEncoding = 4; lastKnownFileType = sourcecode.swift; path = ListViewController.swift; sourceTree = "<group>"; };
/* End PBXFileReference section */

/* Begin PBXFrameworksBuildPhase section */
		1848399A19E5FAE100527B74 /* Frameworks */ = {
			isa = PBXFrameworksBuildPhase;
			buildActionMask = 2147483647;
			files = (
				18467FA11A36D72F0093BF19 /* libstdc++.6.dylib in Frameworks */,
				18467F9F1A36D7220093BF19 /* libc++.dylib in Frameworks */,
				18467F9D1A36D71A0093BF19 /* libz.dylib in Frameworks */,
				18467F9B1A36D7120093BF19 /* Security.framework in Frameworks */,
				184680001A36DA7A0093BF19 /* sqlcipher.framework in Frameworks */,
				18467F991A36D70B0093BF19 /* CoreLocation.framework in Frameworks */,
				18467F971A36D7030093BF19 /* CoreData.framework in Frameworks */,
				184680011A36DA7A0093BF19 /* libWorklightStaticLibProjectNative.a in Frameworks */,
				18467F961A36D6FB0093BF19 /* MobileCoreServices.framework in Frameworks */,
				18467F941A36D6EB0093BF19 /* SystemConfiguration.framework in Frameworks */,
				1879BDEA1A1DA1E3002D7E31 /* libsqlite3.dylib in Frameworks */,
			);
			runOnlyForDeploymentPostprocessing = 0;
		};
/* End PBXFrameworksBuildPhase section */

/* Begin PBXGroup section */
		1800688E1A35378E0027DC99 /* FMDB */ = {
			isa = PBXGroup;
			children = (
				1879BE1D1A242228002D7E31 /* FMDatabase.h */,
				1879BE1E1A242228002D7E31 /* FMDatabase.m */,
				1879BE1F1A242228002D7E31 /* FMDatabaseAdditions.h */,
				1879BE201A242228002D7E31 /* FMDatabaseAdditions.m */,
				1879BE211A242228002D7E31 /* FMDatabasePool.h */,
				1879BE221A242228002D7E31 /* FMDatabasePool.m */,
				1879BE231A242228002D7E31 /* FMDatabaseQueue.h */,
				1879BE241A242228002D7E31 /* FMDatabaseQueue.m */,
				1879BE251A242228002D7E31 /* FMDB.h */,
				1879BE261A242228002D7E31 /* FMResultSet.h */,
				1879BE271A242228002D7E31 /* FMResultSet.m */,
			);
			name = FMDB;
			sourceTree = "<group>";
		};
		1800688F1A3537AE0027DC99 /* Controllers */ = {
			isa = PBXGroup;
			children = (
				18D9ACB61A1C9A0F0098D3EC /* ListViewController.swift */,
				183AE53B1A15686500E86FBA /* FilterViewController.swift */,
				184839A419E5FAE100527B74 /* MasterViewController.swift */,
				184839A619E5FAE100527B74 /* DetailViewController.swift */,
				180068911A353C410027DC99 /* LoginViewController.swift */,
			);
			name = Controllers;
			sourceTree = "<group>";
		};
		180068901A353A100027DC99 /* Storyboards */ = {
			isa = PBXGroup;
			children = (
				18A5E7ED1A2C7050007AF840 /* iPhone.storyboard */,
				184839A819E5FAE100527B74 /* iPad.storyboard */,
				1800688B1A3530DF0027DC99 /* Login.storyboard */,
			);
			name = Storyboards;
			sourceTree = "<group>";
		};
		18467FA21A36DA7A0093BF19 /* WorklightAPI */ = {
			isa = PBXGroup;
			children = (
				18467FA31A36DA7A0093BF19 /* Frameworks */,
				18467FA51A36DA7A0093BF19 /* include */,
				18467FF81A36DA7A0093BF19 /* libWorklightStaticLibProjectNative.a */,
				18467FF91A36DA7A0093BF19 /* Localizations.bundle */,
				18467FFA1A36DA7A0093BF19 /* resources */,
			);
			path = WorklightAPI;
			sourceTree = "<group>";
		};
		18467FA31A36DA7A0093BF19 /* Frameworks */ = {
			isa = PBXGroup;
			children = (
				18467FA41A36DA7A0093BF19 /* sqlcipher.framework */,
			);
			path = Frameworks;
			sourceTree = "<group>";
		};
		18467FA51A36DA7A0093BF19 /* include */ = {
			isa = PBXGroup;
			children = (
				18467FA61A36DA7A0093BF19 /* AbstractAcquisitionError.h */,
				18467FA71A36DA7A0093BF19 /* AbstractGeoAreaTrigger.h */,
				18467FA81A36DA7A0093BF19 /* AbstractGeoDwellTrigger.h */,
				18467FA91A36DA7A0093BF19 /* AbstractPosition.h */,
				18467FAA1A36DA7A0093BF19 /* AbstractTrigger.h */,
				18467FAB1A36DA7A0093BF19 /* AbstractWifiAreaTrigger.h */,
				18467FAC1A36DA7A0093BF19 /* AbstractWifiDwellTrigger.h */,
				18467FAD1A36DA7A0093BF19 /* AbstractWifiFilterTrigger.h */,
				18467FAE1A36DA7A0093BF19 /* AcquisitionCallback.h */,
				18467FAF1A36DA7A0093BF19 /* AcquisitionFailureCallback.h */,
				18467FB01A36DA7A0093BF19 /* BaseChallengeHandler.h */,
				18467FB11A36DA7A0093BF19 /* BaseDeviceAuthChallengeHandler.h */,
				18467FB21A36DA7A0093BF19 /* BaseProvisioningChallengeHandler.h */,
				18467FB31A36DA7A0093BF19 /* ChallengeHandler.h */,
				18467FB41A36DA7A0093BF19 /* JSONStore.h */,
				18467FB51A36DA7A0093BF19 /* JSONStoreAddOptions.h */,
				18467FB61A36DA7A0093BF19 /* JSONStoreCollection.h */,
				18467FB71A36DA7A0093BF19 /* JSONStoreOpenOptions.h */,
				18467FB81A36DA7A0093BF19 /* JSONStoreQueryOptions.h */,
				18467FB91A36DA7A0093BF19 /* JSONStoreQueryPart.h */,
				18467FBA1A36DA7A0093BF19 /* OCLogger.h */,
				18467FBB1A36DA7A0093BF19 /* WLAcquisitionFailureCallbacksConfiguration.h */,
				18467FBC1A36DA7A0093BF19 /* WLAcquisitionPolicy.h */,
				18467FBD1A36DA7A0093BF19 /* WLAnalytics.h */,
				18467FBE1A36DA7A0093BF19 /* WLArea.h */,
				18467FBF1A36DA7A0093BF19 /* WLCallbackFactory.h */,
				18467FC01A36DA7A0093BF19 /* WLChallengeHandler.h */,
				18467FC11A36DA7A0093BF19 /* WLCircle.h */,
				18467FC21A36DA7A0093BF19 /* WLClient.h */,
				18467FC31A36DA7A0093BF19 /* WLConfidenceLevel.h */,
				18467FC41A36DA7A0093BF19 /* WLCookieExtractor.h */,
				18467FC51A36DA7A0093BF19 /* WLCoordinate.h */,
				18467FC61A36DA7A0093BF19 /* WLDelegate.h */,
				18467FC71A36DA7A0093BF19 /* WLDevice.h */,
				18467FC81A36DA7A0093BF19 /* WLDeviceAuthManager.h */,
				18467FC91A36DA7A0093BF19 /* WLDeviceContext.h */,
				18467FCA1A36DA7A0093BF19 /* WLEventSourceListener.h */,
				18467FCB1A36DA7A0093BF19 /* WLEventTransmissionPolicy.h */,
				18467FCC1A36DA7A0093BF19 /* WLFailResponse.h */,
				18467FCD1A36DA7A0093BF19 /* WLGeoAcquisitionPolicy.h */,
				18467FCE1A36DA7A0093BF19 /* WLGeoCallback.h */,
				18467FCF1A36DA7A0093BF19 /* WLGeoDwellInsideTrigger.h */,
				18467FD01A36DA7A0093BF19 /* WLGeoDwellOutsideTrigger.h */,
				18467FD11A36DA7A0093BF19 /* WLGeoEnterTrigger.h */,
				18467FD21A36DA7A0093BF19 /* WLGeoError.h */,
				18467FD31A36DA7A0093BF19 /* WLGeoExitTrigger.h */,
				18467FD41A36DA7A0093BF19 /* WLGeoFailureCallback.h */,
				18467FD51A36DA7A0093BF19 /* WLGeoPosition.h */,
				18467FD61A36DA7A0093BF19 /* WLGeoPositionChangeTrigger.h */,
				18467FD71A36DA7A0093BF19 /* WLGeoTrigger.h */,
				18467FD81A36DA7A0093BF19 /* WLGeoUtils.h */,
				18467FD91A36DA7A0093BF19 /* WLLocationServicesConfiguration.h */,
				18467FDA1A36DA7A0093BF19 /* WLOnReadyToSubscribeListener.h */,
				18467FDB1A36DA7A0093BF19 /* WLPolygon.h */,
				18467FDC1A36DA7A0093BF19 /* WLProcedureInvocationData.h */,
				18467FDD1A36DA7A0093BF19 /* WLProcedureInvocationResult.h */,
				18467FDE1A36DA7A0093BF19 /* WLPush.h */,
				18467FDF1A36DA7A0093BF19 /* WLPushOptions.h */,
				18467FE01A36DA7A0093BF19 /* WLResponse.h */,
				18467FE11A36DA7A0093BF19 /* WLResponseListener.h */,
				18467FE21A36DA7A0093BF19 /* WLSecurityUtils.h */,
				18467FE31A36DA7A0093BF19 /* WLSimpleDataSharing.h */,
				18467FE41A36DA7A0093BF19 /* WLSwiftBridgingHeader.h */,
				18467FE51A36DA7A0093BF19 /* WLTriggerCallback.h */,
				18467FE61A36DA7A0093BF19 /* WLTriggersConfiguration.h */,
				18467FE71A36DA7A0093BF19 /* WLTrusteer.h */,
				18467FE81A36DA7A0093BF19 /* WLWifiAccessPoint.h */,
				18467FE91A36DA7A0093BF19 /* WLWifiAccessPointFilter.h */,
				18467FEA1A36DA7A0093BF19 /* WLWifiAcquisitionCallback.h */,
				18467FEB1A36DA7A0093BF19 /* WLWifiAcquisitionPolicy.h */,
				18467FEC1A36DA7A0093BF19 /* WLWifiConnectedCallback.h */,
				18467FED1A36DA7A0093BF19 /* WLWifiConnectTrigger.h */,
				18467FEE1A36DA7A0093BF19 /* WLWifiDisconnectTrigger.h */,
				18467FEF1A36DA7A0093BF19 /* WLWifiDwellInsideTrigger.h */,
				18467FF01A36DA7A0093BF19 /* WLWifiDwellOutsideTrigger.h */,
				18467FF11A36DA7A0093BF19 /* WLWifiEnterTrigger.h */,
				18467FF21A36DA7A0093BF19 /* WLWifiError.h */,
				18467FF31A36DA7A0093BF19 /* WLWifiExitTrigger.h */,
				18467FF41A36DA7A0093BF19 /* WLWifiFailureCallback.h */,
				18467FF51A36DA7A0093BF19 /* WLWifiLocation.h */,
				18467FF61A36DA7A0093BF19 /* WLWifiTrigger.h */,
				18467FF71A36DA7A0093BF19 /* WLWifiVisibleAccessPointsChangeTrigger.h */,
			);
			path = include;
			sourceTree = "<group>";
		};
		18467FFA1A36DA7A0093BF19 /* resources */ = {
			isa = PBXGroup;
			children = (
				18467FFB1A36DA7A0093BF19 /* Cookies.mom */,
				18467FFC1A36DA7A0093BF19 /* PleaseWaitViewController~iPad.xib */,
				18467FFD1A36DA7A0093BF19 /* PleaseWaitViewController~iPhone.xib */,
				18467FFE1A36DA7A0093BF19 /* SplashImageViewController-Landscape.xib */,
				18467FFF1A36DA7A0093BF19 /* SplashImageViewController-Portrait.xib */,
			);
			path = resources;
			sourceTree = "<group>";
		};
		1848399419E5FAE100527B74 = {
			isa = PBXGroup;
			children = (
				18467FA01A36D72F0093BF19 /* libstdc++.6.dylib */,
				18467F9E1A36D7220093BF19 /* libc++.dylib */,
				18467F9C1A36D71A0093BF19 /* libz.dylib */,
				18467F9A1A36D7120093BF19 /* Security.framework */,
				18467F981A36D70B0093BF19 /* CoreLocation.framework */,
				18467F951A36D6FB0093BF19 /* MobileCoreServices.framework */,
				18467F931A36D6EB0093BF19 /* SystemConfiguration.framework */,
				1879BDE91A1DA1E3002D7E31 /* libsqlite3.dylib */,
				18467F911A36D69F0093BF19 /* worklight.plist */,
				18467FA21A36DA7A0093BF19 /* WorklightAPI */,
				183987451A1BF7400063BEF6 /* CoreData.framework */,
				1848399F19E5FAE100527B74 /* WorkforceManagement */,
				184839B719E5FAE200527B74 /* WorkforceManagementTests */,
				1848399E19E5FAE100527B74 /* Products */,
			);
			sourceTree = "<group>";
		};
		1848399E19E5FAE100527B74 /* Products */ = {
			isa = PBXGroup;
			children = (
				1848399D19E5FAE100527B74 /* WFM.app */,
			);
			name = Products;
			sourceTree = "<group>";
		};
		1848399F19E5FAE100527B74 /* WorkforceManagement */ = {
			isa = PBXGroup;
			children = (
				180068901A353A100027DC99 /* Storyboards */,
				1800688F1A3537AE0027DC99 /* Controllers */,
				1800688E1A35378E0027DC99 /* FMDB */,
				1879BE041A22FA20002D7E31 /* GBS Bench Report.csv */,
				184839A219E5FAE100527B74 /* AppDelegate.swift */,
				184839AB19E5FAE100527B74 /* Images.xcassets */,
				184839AD19E5FAE100527B74 /* LaunchScreen.xib */,
				184839A019E5FAE100527B74 /* Supporting Files */,
				184839C719E7877900527B74 /* EmployeeListProvider.swift */,
				184839CA19EC91BE00527B74 /* EmployeeURLDelegate.swift */,
				184839CC19ECDD6700527B74 /* CSV.swift */,
				1879BE1B1A23EF15002D7E31 /* Bridging-Header.h */,
			);
			path = WorkforceManagement;
			sourceTree = "<group>";
		};
		184839A019E5FAE100527B74 /* Supporting Files */ = {
			isa = PBXGroup;
			children = (
				184839A119E5FAE100527B74 /* Info.plist */,
			);
			name = "Supporting Files";
			sourceTree = "<group>";
		};
		184839B719E5FAE200527B74 /* WorkforceManagementTests */ = {
			isa = PBXGroup;
			children = (
				184839BA19E5FAE200527B74 /* WorkforceManagementTests.swift */,
				184839B819E5FAE200527B74 /* Supporting Files */,
			);
			path = WorkforceManagementTests;
			sourceTree = "<group>";
		};
		184839B819E5FAE200527B74 /* Supporting Files */ = {
			isa = PBXGroup;
			children = (
				184839B919E5FAE200527B74 /* Info.plist */,
			);
			name = "Supporting Files";
			sourceTree = "<group>";
		};
/* End PBXGroup section */

/* Begin PBXNativeTarget section */
		1848399C19E5FAE100527B74 /* WorkforceManagement */ = {
			isa = PBXNativeTarget;
			buildConfigurationList = 184839BE19E5FAE200527B74 /* Build configuration list for PBXNativeTarget "WorkforceManagement" */;
			buildPhases = (
				1848399919E5FAE100527B74 /* Sources */,
				1848399A19E5FAE100527B74 /* Frameworks */,
				1848399B19E5FAE100527B74 /* Resources */,
				1879BE191A23E0EC002D7E31 /* CopyFiles */,
			);
			buildRules = (
			);
			dependencies = (
			);
			name = WorkforceManagement;
			productName = WorkforceManagement;
			productReference = 1848399D19E5FAE100527B74 /* WFM.app */;
			productType = "com.apple.product-type.application";
		};
/* End PBXNativeTarget section */

/* Begin PBXProject section */
		1848399519E5FAE100527B74 /* Project object */ = {
			isa = PBXProject;
			attributes = {
				LastUpgradeCheck = 0600;
				ORGANIZATIONNAME = IBM;
				TargetAttributes = {
					1848399C19E5FAE100527B74 = {
						CreatedOnToolsVersion = 6.0.1;
					};
				};
			};
			buildConfigurationList = 1848399819E5FAE100527B74 /* Build configuration list for PBXProject "WorkforceManagement" */;
			compatibilityVersion = "Xcode 3.2";
			developmentRegion = English;
			hasScannedForEncodings = 0;
			knownRegions = (
				en,
				Base,
			);
			mainGroup = 1848399419E5FAE100527B74;
			productRefGroup = 1848399E19E5FAE100527B74 /* Products */;
			projectDirPath = "";
			projectRoot = "";
			targets = (
				1848399C19E5FAE100527B74 /* WorkforceManagement */,
			);
		};
/* End PBXProject section */

/* Begin PBXResourcesBuildPhase section */
		1848399B19E5FAE100527B74 /* Resources */ = {
			isa = PBXResourcesBuildPhase;
			buildActionMask = 2147483647;
			files = (
				18A64D041A70725700A3CD29 /* iPad.storyboard in Resources */,
				18A64D031A70724E00A3CD29 /* iPhone.storyboard in Resources */,
				184680021A36DA7A0093BF19 /* Localizations.bundle in Resources */,
				184680041A36DA7A0093BF19 /* PleaseWaitViewController~iPad.xib in Resources */,
				184680051A36DA7A0093BF19 /* PleaseWaitViewController~iPhone.xib in Resources */,
				184680071A36DA7A0093BF19 /* SplashImageViewController-Portrait.xib in Resources */,
				184839AF19E5FAE100527B74 /* LaunchScreen.xib in Resources */,
				1800688D1A3530DF0027DC99 /* Login.storyboard in Resources */,
				184680031A36DA7A0093BF19 /* Cookies.mom in Resources */,
				1879BE051A22FA20002D7E31 /* GBS Bench Report.csv in Resources */,
				18467F921A36D69F0093BF19 /* worklight.plist in Resources */,
				184680061A36DA7A0093BF19 /* SplashImageViewController-Landscape.xib in Resources */,
				184839AC19E5FAE100527B74 /* Images.xcassets in Resources */,
			);
			runOnlyForDeploymentPostprocessing = 0;
		};
/* End PBXResourcesBuildPhase section */

/* Begin PBXSourcesBuildPhase section */
		1848399919E5FAE100527B74 /* Sources */ = {
			isa = PBXSourcesBuildPhase;
			buildActionMask = 2147483647;
			files = (
				180068921A353C410027DC99 /* LoginViewController.swift in Sources */,
				183AE53C1A15686500E86FBA /* FilterViewController.swift in Sources */,
				184839C819E7877900527B74 /* EmployeeListProvider.swift in Sources */,
				184839A719E5FAE100527B74 /* DetailViewController.swift in Sources */,
				1879BE281A242228002D7E31 /* FMDatabase.m in Sources */,
				184839CD19ECDD6700527B74 /* CSV.swift in Sources */,
				1879BE2B1A242228002D7E31 /* FMDatabaseQueue.m in Sources */,
				1879BE2C1A242228002D7E31 /* FMResultSet.m in Sources */,
				1879BE2A1A242228002D7E31 /* FMDatabasePool.m in Sources */,
				184839CB19EC91BE00527B74 /* EmployeeURLDelegate.swift in Sources */,
				18D9ACB71A1C9A0F0098D3EC /* ListViewController.swift in Sources */,
				184839A519E5FAE100527B74 /* MasterViewController.swift in Sources */,
				184839A319E5FAE100527B74 /* AppDelegate.swift in Sources */,
				1879BE291A242228002D7E31 /* FMDatabaseAdditions.m in Sources */,
			);
			runOnlyForDeploymentPostprocessing = 0;
		};
/* End PBXSourcesBuildPhase section */

/* Begin PBXVariantGroup section */
		1800688B1A3530DF0027DC99 /* Login.storyboard */ = {
			isa = PBXVariantGroup;
			children = (
				1800688C1A3530DF0027DC99 /* Base */,
			);
			name = Login.storyboard;
			sourceTree = "<group>";
		};
		184839A819E5FAE100527B74 /* iPad.storyboard */ = {
			isa = PBXVariantGroup;
			children = (
				184839A919E5FAE100527B74 /* Base */,
			);
			name = iPad.storyboard;
			sourceTree = "<group>";
		};
		184839AD19E5FAE100527B74 /* LaunchScreen.xib */ = {
			isa = PBXVariantGroup;
			children = (
				184839AE19E5FAE100527B74 /* Base */,
			);
			name = LaunchScreen.xib;
			sourceTree = "<group>";
		};
		18A5E7ED1A2C7050007AF840 /* iPhone.storyboard */ = {
			isa = PBXVariantGroup;
			children = (
				18A5E7EE1A2C7050007AF840 /* Base */,
			);
			name = iPhone.storyboard;
			sourceTree = "<group>";
		};
/* End PBXVariantGroup section */

/* Begin XCBuildConfiguration section */
		184839BC19E5FAE200527B74 /* Debug */ = {
			isa = XCBuildConfiguration;
			buildSettings = {
				ALWAYS_SEARCH_USER_PATHS = NO;
				CLANG_CXX_LANGUAGE_STANDARD = "gnu++0x";
				CLANG_CXX_LIBRARY = "libc++";
				CLANG_ENABLE_MODULES = YES;
				CLANG_ENABLE_OBJC_ARC = YES;
				CLANG_WARN_BOOL_CONVERSION = YES;
				CLANG_WARN_CONSTANT_CONVERSION = YES;
				CLANG_WARN_DIRECT_OBJC_ISA_USAGE = YES_ERROR;
				CLANG_WARN_EMPTY_BODY = YES;
				CLANG_WARN_ENUM_CONVERSION = YES;
				CLANG_WARN_INT_CONVERSION = YES;
				CLANG_WARN_OBJC_ROOT_CLASS = YES_ERROR;
				CLANG_WARN_UNREACHABLE_CODE = YES;
				CLANG_WARN__DUPLICATE_METHOD_MATCH = YES;
				CODE_SIGN_IDENTITY = "iPhone Distribution: International Business Machines";
				"CODE_SIGN_IDENTITY[sdk=iphoneos*]" = "iPhone Distribution: International Business Machines";
				COPY_PHASE_STRIP = NO;
				ENABLE_STRICT_OBJC_MSGSEND = YES;
				GCC_C_LANGUAGE_STANDARD = gnu99;
				GCC_DYNAMIC_NO_PIC = NO;
				GCC_OPTIMIZATION_LEVEL = 0;
				GCC_PREPROCESSOR_DEFINITIONS = (
					"DEBUG=1",
					"$(inherited)",
				);
				GCC_SYMBOLS_PRIVATE_EXTERN = NO;
				GCC_WARN_64_TO_32_BIT_CONVERSION = YES;
				GCC_WARN_ABOUT_RETURN_TYPE = YES_ERROR;
				GCC_WARN_UNDECLARED_SELECTOR = YES;
				GCC_WARN_UNINITIALIZED_AUTOS = YES_AGGRESSIVE;
				GCC_WARN_UNUSED_FUNCTION = YES;
				GCC_WARN_UNUSED_VARIABLE = YES;
				IPHONEOS_DEPLOYMENT_TARGET = 7.1;
				MTL_ENABLE_DEBUG_INFO = YES;
				ONLY_ACTIVE_ARCH = YES;
				SDKROOT = iphoneos;
				SWIFT_OPTIMIZATION_LEVEL = "-Onone";
				TARGETED_DEVICE_FAMILY = "1,2";
			};
			name = Debug;
		};
		184839BD19E5FAE200527B74 /* Release */ = {
			isa = XCBuildConfiguration;
			buildSettings = {
				ALWAYS_SEARCH_USER_PATHS = NO;
				CLANG_CXX_LANGUAGE_STANDARD = "gnu++0x";
				CLANG_CXX_LIBRARY = "libc++";
				CLANG_ENABLE_MODULES = YES;
				CLANG_ENABLE_OBJC_ARC = YES;
				CLANG_WARN_BOOL_CONVERSION = YES;
				CLANG_WARN_CONSTANT_CONVERSION = YES;
				CLANG_WARN_DIRECT_OBJC_ISA_USAGE = YES_ERROR;
				CLANG_WARN_EMPTY_BODY = YES;
				CLANG_WARN_ENUM_CONVERSION = YES;
				CLANG_WARN_INT_CONVERSION = YES;
				CLANG_WARN_OBJC_ROOT_CLASS = YES_ERROR;
				CLANG_WARN_UNREACHABLE_CODE = YES;
				CLANG_WARN__DUPLICATE_METHOD_MATCH = YES;
				CODE_SIGN_IDENTITY = "iPhone Distribution: International Business Machines";
				"CODE_SIGN_IDENTITY[sdk=iphoneos*]" = "iPhone Distribution: International Business Machines";
				COPY_PHASE_STRIP = YES;
				ENABLE_NS_ASSERTIONS = NO;
				ENABLE_STRICT_OBJC_MSGSEND = YES;
				GCC_C_LANGUAGE_STANDARD = gnu99;
				GCC_WARN_64_TO_32_BIT_CONVERSION = YES;
				GCC_WARN_ABOUT_RETURN_TYPE = YES_ERROR;
				GCC_WARN_UNDECLARED_SELECTOR = YES;
				GCC_WARN_UNINITIALIZED_AUTOS = YES_AGGRESSIVE;
				GCC_WARN_UNUSED_FUNCTION = YES;
				GCC_WARN_UNUSED_VARIABLE = YES;
				IPHONEOS_DEPLOYMENT_TARGET = 7.1;
				MTL_ENABLE_DEBUG_INFO = NO;
				SDKROOT = iphoneos;
				TARGETED_DEVICE_FAMILY = "1,2";
				VALIDATE_PRODUCT = YES;
			};
			name = Release;
		};
		184839BF19E5FAE200527B74 /* Debug */ = {
			isa = XCBuildConfiguration;
			buildSettings = {
				ASSETCATALOG_COMPILER_APPICON_NAME = AppIcon;
				ASSETCATALOG_COMPILER_LAUNCHIMAGE_NAME = "LaunchImage-2";
				CODE_SIGN_IDENTITY = "iPhone Distribution: International Business Machines";
				FRAMEWORK_SEARCH_PATHS = (
					"$(inherited)",
					"$(PROJECT_DIR)",
					"$(PROJECT_DIR)/WorklightAPI/Frameworks",
				);
				HEADER_SEARCH_PATHS = (
					"$(inherited)",
					/Applications/Xcode.app/Contents/Developer/Toolchains/XcodeDefault.xctoolchain/usr/include,
					"$(SRCROOT)/WorklightAPI/include\n$(SRCROOT)/WorklightAPI/include\n",
				);
				INFOPLIST_FILE = WorkforceManagement/Info.plist;
				LD_RUNPATH_SEARCH_PATHS = "$(inherited) @executable_path/Frameworks";
				LIBRARY_SEARCH_PATHS = (
					"$(inherited)",
					"$(PROJECT_DIR)/WorklightAPI",
				);
				OTHER_LDFLAGS = "-ObjC";
				PRODUCT_NAME = WFM;
				"SWIFT_INCLUDE_PATHS[arch=*]" = "";
				"SWIFT_OBJC_BRIDGING_HEADER[arch=*]" = "WorkforceManagement/Bridging-Header.h";
			};
			name = Debug;
		};
		184839C019E5FAE200527B74 /* Release */ = {
			isa = XCBuildConfiguration;
			buildSettings = {
				ASSETCATALOG_COMPILER_APPICON_NAME = AppIcon;
				ASSETCATALOG_COMPILER_LAUNCHIMAGE_NAME = "LaunchImage-2";
				CODE_SIGN_IDENTITY = "iPhone Distribution: International Business Machines";
				FRAMEWORK_SEARCH_PATHS = (
					"$(inherited)",
					"$(PROJECT_DIR)",
					"$(PROJECT_DIR)/WorklightAPI/Frameworks",
				);
				HEADER_SEARCH_PATHS = (
					"$(inherited)",
					/Applications/Xcode.app/Contents/Developer/Toolchains/XcodeDefault.xctoolchain/usr/include,
					"$(SRCROOT)/WorklightAPI/include\n$(SRCROOT)/WorklightAPI/include\n",
				);
				INFOPLIST_FILE = WorkforceManagement/Info.plist;
				LD_RUNPATH_SEARCH_PATHS = "$(inherited) @executable_path/Frameworks";
				LIBRARY_SEARCH_PATHS = (
					"$(inherited)",
					"$(PROJECT_DIR)/WorklightAPI",
				);
				OTHER_LDFLAGS = "-ObjC";
				PRODUCT_NAME = WFM;
				"SWIFT_OBJC_BRIDGING_HEADER[arch=*]" = "WorkforceManagement/Bridging-Header.h";
			};
			name = Release;
		};
		184839CE19F714AF00527B74 /* Distribution */ = {
			isa = XCBuildConfiguration;
			buildSettings = {
				ALWAYS_SEARCH_USER_PATHS = NO;
				CLANG_CXX_LANGUAGE_STANDARD = "gnu++0x";
				CLANG_CXX_LIBRARY = "libc++";
				CLANG_ENABLE_MODULES = YES;
				CLANG_ENABLE_OBJC_ARC = YES;
				CLANG_WARN_BOOL_CONVERSION = YES;
				CLANG_WARN_CONSTANT_CONVERSION = YES;
				CLANG_WARN_DIRECT_OBJC_ISA_USAGE = YES_ERROR;
				CLANG_WARN_EMPTY_BODY = YES;
				CLANG_WARN_ENUM_CONVERSION = YES;
				CLANG_WARN_INT_CONVERSION = YES;
				CLANG_WARN_OBJC_ROOT_CLASS = YES_ERROR;
				CLANG_WARN_UNREACHABLE_CODE = YES;
				CLANG_WARN__DUPLICATE_METHOD_MATCH = YES;
				CODE_SIGN_IDENTITY = "iPhone Distribution: International Business Machines";
				"CODE_SIGN_IDENTITY[sdk=iphoneos*]" = "iPhone Distribution: International Business Machines";
				COPY_PHASE_STRIP = YES;
				ENABLE_NS_ASSERTIONS = NO;
				ENABLE_STRICT_OBJC_MSGSEND = YES;
				GCC_C_LANGUAGE_STANDARD = gnu99;
				GCC_WARN_64_TO_32_BIT_CONVERSION = YES;
				GCC_WARN_ABOUT_RETURN_TYPE = YES_ERROR;
				GCC_WARN_UNDECLARED_SELECTOR = YES;
				GCC_WARN_UNINITIALIZED_AUTOS = YES_AGGRESSIVE;
				GCC_WARN_UNUSED_FUNCTION = YES;
				GCC_WARN_UNUSED_VARIABLE = YES;
				IPHONEOS_DEPLOYMENT_TARGET = 7.1;
				MTL_ENABLE_DEBUG_INFO = NO;
				SDKROOT = iphoneos;
				TARGETED_DEVICE_FAMILY = "1,2";
				VALIDATE_PRODUCT = YES;
			};
			name = Distribution;
		};
		184839CF19F714AF00527B74 /* Distribution */ = {
			isa = XCBuildConfiguration;
			buildSettings = {
				ASSETCATALOG_COMPILER_APPICON_NAME = AppIcon;
				ASSETCATALOG_COMPILER_LAUNCHIMAGE_NAME = "LaunchImage-2";
				CODE_SIGN_IDENTITY = "iPhone Distribution: International Business Machines";
				FRAMEWORK_SEARCH_PATHS = (
					"$(inherited)",
					"$(PROJECT_DIR)",
					"$(PROJECT_DIR)/WorklightAPI/Frameworks",
				);
				HEADER_SEARCH_PATHS = (
					"$(inherited)",
					/Applications/Xcode.app/Contents/Developer/Toolchains/XcodeDefault.xctoolchain/usr/include,
					"$(SRCROOT)/WorklightAPI/include\n$(SRCROOT)/WorklightAPI/include\n",
				);
				INFOPLIST_FILE = WorkforceManagement/Info.plist;
				LD_RUNPATH_SEARCH_PATHS = "$(inherited) @executable_path/Frameworks";
				LIBRARY_SEARCH_PATHS = (
					"$(inherited)",
					"$(PROJECT_DIR)/WorklightAPI",
				);
				OTHER_LDFLAGS = "-ObjC";
				PRODUCT_NAME = WFM;
				"SWIFT_OBJC_BRIDGING_HEADER[arch=*]" = "WorkforceManagement/Bridging-Header.h";
			};
			name = Distribution;
		};
/* End XCBuildConfiguration section */

/* Begin XCConfigurationList section */
		1848399819E5FAE100527B74 /* Build configuration list for PBXProject "WorkforceManagement" */ = {
			isa = XCConfigurationList;
			buildConfigurations = (
				184839BC19E5FAE200527B74 /* Debug */,
				184839BD19E5FAE200527B74 /* Release */,
				184839CE19F714AF00527B74 /* Distribution */,
			);
			defaultConfigurationIsVisible = 0;
			defaultConfigurationName = Release;
		};
		184839BE19E5FAE200527B74 /* Build configuration list for PBXNativeTarget "WorkforceManagement" */ = {
			isa = XCConfigurationList;
			buildConfigurations = (
				184839BF19E5FAE200527B74 /* Debug */,
				184839C019E5FAE200527B74 /* Release */,
				184839CF19F714AF00527B74 /* Distribution */,
			);
			defaultConfigurationIsVisible = 0;
			defaultConfigurationName = Release;
		};
/* End XCConfigurationList section */
	};
	rootObject = 1848399519E5FAE100527B74 /* Project object */;
}
